
Microsoft Visual Studio Solution File, Format Version 12.00
# Visual Studio Version 17
VisualStudioVersion = 17.13.35919.96
MinimumVisualStudioVersion = 10.0.40219.1
Project("{FAE04EC0-301F-11D3-BF4B-00C04F79EFBC}") = "WisdomPetMedicine.Api", "wpm\WisdomPetMedicine.Api\WisdomPetMedicine.Api.csproj", "{8A1A3250-FCDD-D895-FED9-8616FEF9EBB3}"
EndProject
Project("{FAE04EC0-301F-11D3-BF4B-00C04F79EFBC}") = "WisdomPetMedicine.Tests", "wpm\WisdomPetMedicine.Tests\WisdomPetMedicine.Tests.csproj", "{1BECA301-14E0-8702-5B4D-F4E37514322D}"
EndProject
Project("{2150E333-8FDC-42A3-9474-1A3956D46DE8}") = "workflows", "workflows", "{D107F4C8-89CC-BEA8-D3D7-CA6B7733353D}"
	ProjectSection(SolutionItems) = preProject
		.github\workflows\compartir-datos-jobs.yaml = .github\workflows\compartir-datos-jobs.yaml
		.github\workflows\contextos.yml = .github\workflows\contextos.yml
		.github\workflows\docker-image.yml = .github\workflows\docker-image.yml
		.github\workflows\expresiones-funciones.yml = .github\workflows\expresiones-funciones.yml
		.github\workflows\ghcli.yml = .github\workflows\ghcli.yml
		.github\workflows\github_token.yml = .github\workflows\github_token.yml
		.github\workflows\github_token2.yaml = .github\workflows\github_token2.yaml
		.github\workflows\holamundo.yml = .github\workflows\holamundo.yml
		.github\workflows\matriz-dotnet.yml = .github\workflows\matriz-dotnet.yml
		.github\workflows\secretos.yml = .github\workflows\secretos.yml
		.github\workflows\variables-ambiente-predeterminadas.yml = .github\workflows\variables-ambiente-predeterminadas.yml
		.github\workflows\variables.yml = .github\workflows\variables.yml
	EndProjectSection
EndProject
Global
	GlobalSection(SolutionConfigurationPlatforms) = preSolution
		Debug|Any CPU = Debug|Any CPU
		Release|Any CPU = Release|Any CPU
	EndGlobalSection
	GlobalSection(ProjectConfigurationPlatforms) = postSolution
		{8A1A3250-FCDD-D895-FED9-8616FEF9EBB3}.Debug|Any CPU.ActiveCfg = Debug|Any CPU
		{8A1A3250-FCDD-D895-FED9-8616FEF9EBB3}.Debug|Any CPU.Build.0 = Debug|Any CPU
		{8A1A3250-FCDD-D895-FED9-8616FEF9EBB3}.Release|Any CPU.ActiveCfg = Release|Any CPU
		{8A1A3250-FCDD-D895-FED9-8616FEF9EBB3}.Release|Any CPU.Build.0 = Release|Any CPU
		{1BECA301-14E0-8702-5B4D-F4E37514322D}.Debug|Any CPU.ActiveCfg = Debug|Any CPU
		{1BECA301-14E0-8702-5B4D-F4E37514322D}.Debug|Any CPU.Build.0 = Debug|Any CPU
		{1BECA301-14E0-8702-5B4D-F4E37514322D}.Release|Any CPU.ActiveCfg = Release|Any CPU
		{1BECA301-14E0-8702-5B4D-F4E37514322D}.Release|Any CPU.Build.0 = Release|Any CPU
	EndGlobalSection
	GlobalSection(SolutionProperties) = preSolution
		HideSolutionNode = FALSE
	EndGlobalSection
	GlobalSection(ExtensibilityGlobals) = postSolution
		SolutionGuid = {00E193C5-1FEA-4372-BF38-CE655F6771B2}
	EndGlobalSection
EndGlobal
